
Microsoft Visual Studio Solution File, Format Version 12.00
# 
Project("{FAE04EC0-301F-11D3-BF4B-00C04F79EFBC}") = "attendance_monitoring", "attendance_monitoring\attendance_monitoring.csproj", "{2501FF28-D67E-4D5A-9A0F-666A7C56359B}"
EndProject
Project("{FAE04EC0-301F-11D3-BF4B-00C04F79EFBC}") = "attendance.testproject", "attendance.testproject\attendance.testproject.csproj", "{D7531E82-740C-438B-B5C7-17685D2CACED}"
EndProject
Global
	GlobalSection(SolutionConfigurationPlatforms) = preSolution
		Debug|Any CPU = Debug|Any CPU
		Release|Any CPU = Release|Any CPU
	EndGlobalSection
	GlobalSection(ProjectConfigurationPlatforms) = postSolution
		{2501FF28-D67E-4D5A-9A0F-666A7C56359B}.Debug|Any CPU.ActiveCfg = Debug|Any CPU
		{2501FF28-D67E-4D5A-9A0F-666A7C56359B}.Debug|Any CPU.Build.0 = Debug|Any CPU
		{2501FF28-D67E-4D5A-9A0F-666A7C56359B}.Release|Any CPU.ActiveCfg = Release|Any CPU
		{2501FF28-D67E-4D5A-9A0F-666A7C56359B}.Release|Any CPU.Build.0 = Release|Any CPU
		{D7531E82-740C-438B-B5C7-17685D2CACED}.Debug|Any CPU.ActiveCfg = Debug|Any CPU
		{D7531E82-740C-438B-B5C7-17685D2CACED}.Debug|Any CPU.Build.0 = Debug|Any CPU
		{D7531E82-740C-438B-B5C7-17685D2CACED}.Release|Any CPU.ActiveCfg = Release|Any CPU
		{D7531E82-740C-438B-B5C7-17685D2CACED}.Release|Any CPU.Build.0 = Release|Any CPU
	EndGlobalSection
EndGlobal
